<?xml version="1.0" encoding="utf-8"?>
<Project ToolsVersion="4.0" xmlns="http://schemas.microsoft.com/developer/msbuild/2003">
  <ItemGroup>
    <Filter Include="Form Files">
      <UniqueIdentifier>{99349809-55BA-4b9d-BF79-8FDBB0286EB3}</UniqueIdentifier>
      <Extensions>ui</Extensions>
      <ParseFiles>false</ParseFiles>
    </Filter>
    <Filter Include="Form Files">
      <UniqueIdentifier>{99349809-55BA-4b9d-BF79-8FDBB0286EB3}</UniqueIdentifier>
      <Extensions>ui</Extensions>
      <ParseFiles>false</ParseFiles>
    </Filter>
    <Filter Include="Generated Files">
      <UniqueIdentifier>{71ED8ED8-ACB9-4CE9-BBE1-E00B30144E11}</UniqueIdentifier>
      <Extensions>cpp;c;cxx;moc;h;def;odl;idl;res;</Extensions>
    </Filter>
    <Filter Include="Generated Files">
      <UniqueIdentifier>{71ED8ED8-ACB9-4CE9-BBE1-E00B30144E11}</UniqueIdentifier>
      <Extensions>cpp;c;cxx;moc;h;def;odl;idl;res;</Extensions>
    </Filter>
    <Filter Include="Header Files">
      <UniqueIdentifier>{93995380-89BD-4b04-88EB-625FBE52EBFB}</UniqueIdentifier>
      <Extensions>h;hpp;hxx;hm;inl;inc;xsd</Extensions>
    </Filter>
    <Filter Include="Header Files">
      <UniqueIdentifier>{93995380-89BD-4b04-88EB-625FBE52EBFB}</UniqueIdentifier>
      <Extensions>h;hpp;hxx;hm;inl;inc;xsd</Extensions>
    </Filter>
    <Filter Include="Source Files">
      <UniqueIdentifier>{4FC737F1-C7A5-4376-A066-2A32D752A2FF}</UniqueIdentifier>
      <Extensions>cpp;c;cxx;def;odl;idl;hpj;bat;asm;asmx</Extensions>
    </Filter>
    <Filter Include="Source Files">
      <UniqueIdentifier>{4FC737F1-C7A5-4376-A066-2A32D752A2FF}</UniqueIdentifier>
      <Extensions>cpp;c;cxx;def;odl;idl;hpj;bat;asm;asmx</Extensions>
    </Filter>
    <Filter Include="Distribution Files">
      <UniqueIdentifier>{B83CAF91-C7BF-462F-B76C-EA11631F866C}</UniqueIdentifier>
      <Extensions>*</Extensions>
      <ParseFiles>false</ParseFiles>
    </Filter>
    <Filter Include="Distribution Files">
      <UniqueIdentifier>{B83CAF91-C7BF-462F-B76C-EA11631F866C}</UniqueIdentifier>
      <Extensions>*</Extensions>
      <ParseFiles>false</ParseFiles>
    </Filter>
  </ItemGroup>
  <ItemGroup>
    <ClCompile Include="AIS\AIS.cpp">
      <Filter>Source Files</Filter>
    </ClCompile>
    <ClCompile Include="c_config.cpp">
      <Filter>Source Files</Filter>
    </ClCompile>
    <ClCompile Include="c_gps.cpp">
      <Filter>Source Files</Filter>
    </ClCompile>
    <ClCompile Include="c_mainwindow.cpp">
      <Filter>Source Files</Filter>
    </ClCompile>
    <ClCompile Include="c_radar_data.cpp">
      <Filter>Source Files</Filter>
    </ClCompile>
    <ClCompile Include="c_radar_simulation.cpp">
      <Filter>Source Files</Filter>
    </ClCompile>
    <ClCompile Include="c_radar_thread.cpp">
      <Filter>Source Files</Filter>
    </ClCompile>
    <ClCompile Include="c_target_manager.cpp">
      <Filter>Source Files</Filter>
    </ClCompile>
    <ClCompile Include="Cmap\cmap.cpp">
      <Filter>Source Files</Filter>
    </ClCompile>
    <ClCompile Include="dialogaisinfo.cpp">
      <Filter>Source Files</Filter>
    </ClCompile>
    <ClCompile Include="dialogcommandlog.cpp">
      <Filter>Source Files</Filter>
    </ClCompile>
    <ClCompile Include="dialogconfig.cpp">
      <Filter>Source Files</Filter>
    </ClCompile>
    <ClCompile Include="dialogdocumentation.cpp">
      <Filter>Source Files</Filter>
    </ClCompile>
    <ClCompile Include="dialoginputvalue.cpp">
      <Filter>Source Files</Filter>
    </ClCompile>
    <ClCompile Include="dialogmenudisplay.cpp">
      <Filter>Source Files</Filter>
    </ClCompile>
    <ClCompile Include="main.cpp">
      <Filter>Source Files</Filter>
    </ClCompile>
    <ClCompile Include="qcustombutton.cpp">
      <Filter>Source Files</Filter>
    </ClCompile>
    <ClCompile Include="qcustomcombobox.cpp">
      <Filter>Source Files</Filter>
    </ClCompile>
    <ClCompile Include="qcustomframe.cpp">
      <Filter>Source Files</Filter>
    </ClCompile>
    <ClCompile Include="qcustomgroupbox.cpp">
      <Filter>Source Files</Filter>
    </ClCompile>
    <ClCompile Include="qcustomtabwidget.cpp">
      <Filter>Source Files</Filter>
    </ClCompile>
    <ClCompile Include="statuswindow.cpp">
      <Filter>Source Files</Filter>
    </ClCompile>
  </ItemGroup>
  <ItemGroup>
    <ClInclude Include="AIS\AIS.h">
      <Filter>Header Files</Filter>
    </ClInclude>
    <ClInclude Include="c_config.h">
      <Filter>Header Files</Filter>
    </ClInclude>
    <ClInclude Include="c_gps.h">
      <Filter>Header Files</Filter>
    </ClInclude>
    <QtMoc Include="c_mainwindow.h">
      <Filter>Header Files</Filter>
    </QtMoc>
    <ClInclude Include="c_radar_data.h">
      <Filter>Header Files</Filter>
    </ClInclude>
    <QtMoc Include="c_radar_simulation.h">
      <Filter>Header Files</Filter>
    </QtMoc>
    <QtMoc Include="c_radar_thread.h">
      <Filter>Header Files</Filter>
    </QtMoc>
    <ClInclude Include="c_sim_target.h">
      <Filter>Header Files</Filter>
    </ClInclude>
    <ClInclude Include="c_target_manager.h">
      <Filter>Header Files</Filter>
    </ClInclude>
    <QtMoc Include="Cmap\cmap.h">
      <Filter>Header Files</Filter>
    </QtMoc>
    <QtMoc Include="dialogaisinfo.h">
      <Filter>Header Files</Filter>
    </QtMoc>
    <QtMoc Include="dialogcommandlog.h">
      <Filter>Header Files</Filter>
    </QtMoc>
    <QtMoc Include="dialogconfig.h">
      <Filter>Header Files</Filter>
    </QtMoc>
    <QtMoc Include="dialogdocumentation.h">
      <Filter>Header Files</Filter>
    </QtMoc>
    <QtMoc Include="dialoginputvalue.h">
      <Filter>Header Files</Filter>
    </QtMoc>
    <QtMoc Include="dialogmenudisplay.h">
      <Filter>Header Files</Filter>
    </QtMoc>
    <ClInclude Include="pkp.h">
      <Filter>Header Files</Filter>
    </ClInclude>
    <QtMoc Include="qcustombutton.h">
      <Filter>Header Files</Filter>
    </QtMoc>
    <QtMoc Include="qcustomcombobox.h">
      <Filter>Header Files</Filter>
    </QtMoc>
    <QtMoc Include="qcustomframe.h">
      <Filter>Header Files</Filter>
    </QtMoc>
    <QtMoc Include="qcustomgroupbox.h">
      <Filter>Header Files</Filter>
    </QtMoc>
    <QtMoc Include="qcustomtabwidget.h">
      <Filter>Header Files</Filter>
    </QtMoc>
    <QtMoc Include="statuswindow.h">
      <Filter>Header Files</Filter>
    </QtMoc>
  </ItemGroup>
  <ItemGroup>
    
    
    
    
    
    
    
    
    
    
    
    
    
    
    
    
    
    
    
    
    
    
    
    
    
    
    
    
    
    
    
    
    <ClInclude Include="ui_dialogaisinfo.h">
      <Filter>Generated Files</Filter>
    </ClInclude>
    <ClInclude Include="ui_dialogcommandlog.h">
      <Filter>Generated Files</Filter>
    </ClInclude>
    <ClInclude Include="ui_dialogconfig.h">
      <Filter>Generated Files</Filter>
    </ClInclude>
    <ClInclude Include="ui_dialogdocumentation.h">
      <Filter>Generated Files</Filter>
    </ClInclude>
    <ClInclude Include="ui_dialoginputvalue.h">
      <Filter>Generated Files</Filter>
    </ClInclude>
    <ClInclude Include="ui_dialogmenudisplay.h">
      <Filter>Generated Files</Filter>
    </ClInclude>
    <ClInclude Include="ui_mainwindow.h">
      <Filter>Generated Files</Filter>
    </ClInclude>
    <ClInclude Include="ui_statuswindow.h">
      <Filter>Generated Files</Filter>
    </ClInclude>
  </ItemGroup>
  <ItemGroup>
    <QtUic Include="dialogaisinfo.ui">
      <Filter>Form Files</Filter>
    </QtUic>
    <QtUic Include="dialogcommandlog.ui">
      <Filter>Form Files</Filter>
    </QtUic>
    <QtUic Include="dialogconfig.ui">
      <Filter>Form Files</Filter>
    </QtUic>
    <QtUic Include="dialogdocumentation.ui">
      <Filter>Form Files</Filter>
    </QtUic>
    <QtUic Include="dialoginputvalue.ui">
      <Filter>Form Files</Filter>
    </QtUic>
    <QtUic Include="dialogmenudisplay.ui">
      <Filter>Form Files</Filter>
    </QtUic>
    <QtUic Include="mainwindow.ui">
      <Filter>Form Files</Filter>
    </QtUic>
    <QtUic Include="statuswindow.ui">
      <Filter>Form Files</Filter>
    </QtUic>
  </ItemGroup>
  <ItemGroup>
    <None Include="appIcon.rc">
      <Filter>Distribution Files</Filter>
    </None>
  </ItemGroup>
  <ItemGroup>
    <ResourceCompile Include="appIcon.rc" />
  </ItemGroup>
</Project>